<?xml version="1.0" encoding="utf-8"?>
<Project ToolsVersion="4.0" xmlns="http://schemas.microsoft.com/developer/msbuild/2003">
  <ItemGroup>
    <Filter Include="Source Files">
      <UniqueIdentifier>{4FC737F1-C7A5-4376-A066-2A32D752A2FF}</UniqueIdentifier>
      <Extensions>cpp;c;cc;cxx;c++;cppm;ixx;def;odl;idl;hpj;bat;asm;asmx</Extensions>
    </Filter>
    <Filter Include="Header Files">
      <UniqueIdentifier>{93995380-89BD-4b04-88EB-625FBE52EBFB}</UniqueIdentifier>
      <Extensions>h;hh;hpp;hxx;h++;hm;inl;inc;ipp;xsd</Extensions>
    </Filter>
    <Filter Include="Resource Files">
      <UniqueIdentifier>{67DA6AB6-F800-4c08-8B7A-83BB121AAD01}</UniqueIdentifier>
      <Extensions>rc;ico;cur;bmp;dlg;rc2;rct;bin;rgs;gif;jpg;jpeg;jpe;resx;tiff;tif;png;wav;mfcribbon-ms</Extensions>
    </Filter>
    <Filter Include="Source Files\Homework 1">
      <UniqueIdentifier>{d75a12fa-71fd-4fc9-bf2d-bde24c8c7b05}</UniqueIdentifier>
    </Filter>
    <Filter Include="Source Files\Homework 2">
      <UniqueIdentifier>{1b2c767f-5229-4911-aadf-5dde9764f830}</UniqueIdentifier>
    </Filter>
    <Filter Include="Source Files\Homework 3">
      <UniqueIdentifier>{9ee05932-b9fa-4e6b-9d78-92af76630c51}</UniqueIdentifier>
    </Filter>
    <Filter Include="Source Files\Homework 4">
      <UniqueIdentifier>{0473e137-90ab-4e1e-ad81-fe184db5c25d}</UniqueIdentifier>
    </Filter>
    <Filter Include="Source Files\Homework 5">
      <UniqueIdentifier>{daf57c5e-d918-451d-af1c-81741a8dab4a}</UniqueIdentifier>
    </Filter>
    <Filter Include="Source Files\Test">
      <UniqueIdentifier>{87bf3ea2-24a4-4ad6-aee6-f549c19d4485}</UniqueIdentifier>
    </Filter>
  </ItemGroup>
  <ItemGroup>
    <ClCompile Include="Task 1_1.cpp">
      <Filter>Source Files\Homework 1</Filter>
    </ClCompile>
    <ClCompile Include="Task 1_2.cpp">
      <Filter>Source Files\Homework 1</Filter>
    </ClCompile>
    <ClCompile Include="Task 1_5.cpp">
      <Filter>Source Files\Homework 1</Filter>
    </ClCompile>
    <ClCompile Include="Tasks 1_3 &amp; 1_4.cpp">
      <Filter>Source Files\Homework 1</Filter>
    </ClCompile>
    <ClCompile Include="Task 2_2.cpp">
      <Filter>Source Files\Homework 2</Filter>
    </ClCompile>
    <ClCompile Include="Task 2_1.cpp">
      <Filter>Source Files\Homework 2</Filter>
    </ClCompile>
    <ClCompile Include="Task 2_3.cpp">
      <Filter>Source Files\Homework 2</Filter>
    </ClCompile>
    <ClCompile Include="Task 2_4.cpp">
      <Filter>Source Files\Homework 2</Filter>
    </ClCompile>
    <ClCompile Include="Task 2_5.cpp">
      <Filter>Source Files\Homework 2</Filter>
    </ClCompile>
    <ClCompile Include="Task 3_1.cpp">
      <Filter>Source Files\Homework 3</Filter>
    </ClCompile>
    <ClCompile Include="Task 3_2.cpp">
      <Filter>Source Files\Homework 3</Filter>
    </ClCompile>
    <ClCompile Include="Task 3_3.cpp">
      <Filter>Source Files\Homework 3</Filter>
    </ClCompile>
    <ClCompile Include="Task 3_4.cpp">
      <Filter>Source Files\Homework 3</Filter>
    </ClCompile>
    <ClCompile Include="Task 3_5.cpp">
      <Filter>Source Files\Homework 3</Filter>
    </ClCompile>
    <ClCompile Include="Task 4_1.cpp">
      <Filter>Source Files\Homework 4</Filter>
    </ClCompile>
    <ClCompile Include="Task 4_2.cpp">
      <Filter>Source Files\Homework 4</Filter>
    </ClCompile>
    <ClCompile Include="Task 4_3.cpp">
      <Filter>Source Files\Homework 4</Filter>
    </ClCompile>
    <ClCompile Include="Task 4_4.cpp">
      <Filter>Source Files\Homework 4</Filter>
    </ClCompile>
    <ClCompile Include="Task 4_5.cpp">
      <Filter>Source Files\Homework 4</Filter>
    </ClCompile>
    <ClCompile Include="Task 4_6.cpp">
      <Filter>Source Files\Homework 4</Filter>
    </ClCompile>
    <ClCompile Include="Task 4_7.cpp">
      <Filter>Source Files\Homework 4</Filter>
    </ClCompile>
    <ClCompile Include="Task 4_8.cpp">
      <Filter>Source Files\Homework 4</Filter>
    </ClCompile>
    <ClCompile Include="Task 4_9.cpp">
      <Filter>Source Files\Homework 4</Filter>
    </ClCompile>
    <ClCompile Include="Task 5_1.cpp">
      <Filter>Source Files\Homework 5</Filter>
    </ClCompile>
    <ClCompile Include="Task 5_2.cpp">
      <Filter>Source Files\Homework 5</Filter>
    </ClCompile>
    <ClCompile Include="Task 5_3-8.cpp">
      <Filter>Source Files\Homework 5</Filter>
    </ClCompile>
    <ClCompile Include="Task 5_3-9.cpp">
      <Filter>Source Files\Homework 5</Filter>
    </ClCompile>
    <ClCompile Include="Task 5_4-35.cpp">
      <Filter>Source Files\Homework 5</Filter>
    </ClCompile>
    <ClCompile Include="Task 5_4-36.cpp">
      <Filter>Source Files\Homework 5</Filter>
    </ClCompile>
    <ClCompile Include="Task 5_5-33.cpp">
      <Filter>Source Files\Homework 5</Filter>
    </ClCompile>
    <ClCompile Include="Test_task_1.cpp">
      <Filter>Source Files\Test</Filter>
    </ClCompile>
    <ClCompile Include="Test_task_2.cpp">
      <Filter>Source Files\Test</Filter>
    </ClCompile>
    <ClCompile Include="Test_task_3.cpp">
      <Filter>Source Files\Test</Filter>
    </ClCompile>
    <ClCompile Include="Test_task_4.cpp">
      <Filter>Source Files\Test</Filter>
    </ClCompile>
    <ClCompile Include="Test_task_5.cpp">
      <Filter>Source Files\Test</Filter>
    </ClCompile>
  </ItemGroup>
  <ItemGroup>
    <ClInclude Include="basicfunc.h">
      <Filter>Header Files</Filter>
    </ClInclude>
  </ItemGroup>
  <ItemGroup>
    <None Include="packages.config" />
  </ItemGroup>
</Project>